dependencies:
- name: nginx-ingress
  repository: https://kubernetes-charts.storage.googleapis.com/
  version: 0.23.0
- name: keycloak
  repository: https://kubernetes-charts.storage.googleapis.com/
  version: 3.1.0
- name: rabbitmq
  repository: https://kubernetes-charts.storage.googleapis.com/
  version: 2.1.1
- name: redis
  repository: https://kubernetes-charts.storage.googleapis.com/
  version: 3.7.3
digest: sha256:d2cbca6a378db7e972c53ef4b6cbe1992cd5f1162ecd5245fb1d7071d6d1eab9
generated: 2018-08-05T13:59:46.5918315+02:00
