dependencies:
- name: nginx-ingress
  repository: https://kubernetes-charts.storage.googleapis.com/
  version: 0.23.0
- name: keycloak
  repository: https://kubernetes-charts.storage.googleapis.com/
  version: 3.1.0
digest: sha256:7eec950602918db9483ebe75738d41b8d879839e8e6f527ca9a43cf933020e49
generated: 2018-07-29T21:03:59.7788292+02:00
