dependencies:
- name: nginx-ingress
  repository: https://kubernetes-charts.storage.googleapis.com/
  version: 0.23.0
- name: keycloak
  repository: https://kubernetes-charts.storage.googleapis.com/
  version: 3.1.0
- name: rabbitmq
  repository: https://kubernetes-charts.storage.googleapis.com/
  version: 3.5.1
- name: redis
  repository: https://kubernetes-charts.storage.googleapis.com/
  version: 3.7.3
digest: sha256:d9a7eb813bca74567f9219e8d4d8c305307adc9bb27b5c9341bcfdeb15a1eb69
generated: 2018-10-20T10:05:04.8173601+02:00
